
Microsoft Visual Studio Solution File, Format Version 12.00
# Visual Studio Version 17
VisualStudioVersion = 17.11.35312.102
MinimumVisualStudioVersion = 10.0.40219.1
Project("{FAE04EC0-301F-11D3-BF4B-00C04F79EFBC}") = "Discriminant", "Discriminant\Discriminant.csproj", "{CCCF6113-467B-4482-AE30-A9EA61D37959}"
EndProject
Project("{FAE04EC0-301F-11D3-BF4B-00C04F79EFBC}") = "Discriminant.Tests", "Discriminant.Tests\Discriminant.Tests.csproj", "{4F090049-6D3A-4C02-A256-3A22F23D49A5}"
EndProject
Global
	GlobalSection(SolutionConfigurationPlatforms) = preSolution
		Debug|Any CPU = Debug|Any CPU
		Release|Any CPU = Release|Any CPU
	EndGlobalSection
	GlobalSection(ProjectConfigurationPlatforms) = postSolution
		{CCCF6113-467B-4482-AE30-A9EA61D37959}.Debug|Any CPU.ActiveCfg = Debug|Any CPU
		{CCCF6113-467B-4482-AE30-A9EA61D37959}.Debug|Any CPU.Build.0 = Debug|Any CPU
		{CCCF6113-467B-4482-AE30-A9EA61D37959}.Release|Any CPU.ActiveCfg = Release|Any CPU
		{CCCF6113-467B-4482-AE30-A9EA61D37959}.Release|Any CPU.Build.0 = Release|Any CPU
		{4F090049-6D3A-4C02-A256-3A22F23D49A5}.Debug|Any CPU.ActiveCfg = Debug|Any CPU
		{4F090049-6D3A-4C02-A256-3A22F23D49A5}.Debug|Any CPU.Build.0 = Debug|Any CPU
		{4F090049-6D3A-4C02-A256-3A22F23D49A5}.Release|Any CPU.ActiveCfg = Release|Any CPU
		{4F090049-6D3A-4C02-A256-3A22F23D49A5}.Release|Any CPU.Build.0 = Release|Any CPU
	EndGlobalSection
	GlobalSection(SolutionProperties) = preSolution
		HideSolutionNode = FALSE
	EndGlobalSection
	GlobalSection(ExtensibilityGlobals) = postSolution
		SolutionGuid = {D35780EB-62E6-4C5B-811F-44E79D54C05B}
	EndGlobalSection
EndGlobal
